
Microsoft Visual Studio Solution File, Format Version 12.00
# Visual Studio Version 16
VisualStudioVersion = 16.0.30204.135
MinimumVisualStudioVersion = 10.0.40219.1
Project("{9A19103F-16F7-4668-BE54-9A1E7A4F7556}") = "MoneyBunny", "MoneyBunny\MoneyBunny.csproj", "{BC94C647-B600-4166-B98E-58C91D92BAB7}"
	ProjectSection(ProjectDependencies) = postProject
		{4C9E400C-64A7-4EA1-85B2-7A712108DA20} = {4C9E400C-64A7-4EA1-85B2-7A712108DA20}
	EndProjectSection
EndProject
Project("{9A19103F-16F7-4668-BE54-9A1E7A4F7556}") = "ToDoManager", "ToDoManager\ToDoManager.csproj", "{678EBC3A-44FE-4325-85AA-866001164074}"
EndProject
Project("{9A19103F-16F7-4668-BE54-9A1E7A4F7556}") = "DropDownButton", "DropDownButton\DropDownButton.csproj", "{4C9E400C-64A7-4EA1-85B2-7A712108DA20}"
EndProject
Global
	GlobalSection(SolutionConfigurationPlatforms) = preSolution
		Debug|Any CPU = Debug|Any CPU
		Debug|ARM = Debug|ARM
		Debug|ARM64 = Debug|ARM64
		Debug|x64 = Debug|x64
		Debug|x86 = Debug|x86
		Release|Any CPU = Release|Any CPU
		Release|ARM = Release|ARM
		Release|ARM64 = Release|ARM64
		Release|x64 = Release|x64
		Release|x86 = Release|x86
	EndGlobalSection
	GlobalSection(ProjectConfigurationPlatforms) = postSolution
		{BC94C647-B600-4166-B98E-58C91D92BAB7}.Debug|Any CPU.ActiveCfg = Debug|Any CPU
		{BC94C647-B600-4166-B98E-58C91D92BAB7}.Debug|Any CPU.Build.0 = Debug|Any CPU
		{BC94C647-B600-4166-B98E-58C91D92BAB7}.Debug|ARM.ActiveCfg = Debug|Any CPU
		{BC94C647-B600-4166-B98E-58C91D92BAB7}.Debug|ARM.Build.0 = Debug|Any CPU
		{BC94C647-B600-4166-B98E-58C91D92BAB7}.Debug|ARM64.ActiveCfg = Debug|Any CPU
		{BC94C647-B600-4166-B98E-58C91D92BAB7}.Debug|ARM64.Build.0 = Debug|Any CPU
		{BC94C647-B600-4166-B98E-58C91D92BAB7}.Debug|x64.ActiveCfg = Debug|Any CPU
		{BC94C647-B600-4166-B98E-58C91D92BAB7}.Debug|x64.Build.0 = Debug|Any CPU
		{BC94C647-B600-4166-B98E-58C91D92BAB7}.Debug|x86.ActiveCfg = Debug|Any CPU
		{BC94C647-B600-4166-B98E-58C91D92BAB7}.Debug|x86.Build.0 = Debug|Any CPU
		{BC94C647-B600-4166-B98E-58C91D92BAB7}.Release|Any CPU.ActiveCfg = Release|Any CPU
		{BC94C647-B600-4166-B98E-58C91D92BAB7}.Release|Any CPU.Build.0 = Release|Any CPU
		{BC94C647-B600-4166-B98E-58C91D92BAB7}.Release|ARM.ActiveCfg = Release|Any CPU
		{BC94C647-B600-4166-B98E-58C91D92BAB7}.Release|ARM.Build.0 = Release|Any CPU
		{BC94C647-B600-4166-B98E-58C91D92BAB7}.Release|ARM64.ActiveCfg = Release|Any CPU
		{BC94C647-B600-4166-B98E-58C91D92BAB7}.Release|ARM64.Build.0 = Release|Any CPU
		{BC94C647-B600-4166-B98E-58C91D92BAB7}.Release|x64.ActiveCfg = Release|Any CPU
		{BC94C647-B600-4166-B98E-58C91D92BAB7}.Release|x64.Build.0 = Release|Any CPU
		{BC94C647-B600-4166-B98E-58C91D92BAB7}.Release|x86.ActiveCfg = Release|Any CPU
		{BC94C647-B600-4166-B98E-58C91D92BAB7}.Release|x86.Build.0 = Release|Any CPU
		{678EBC3A-44FE-4325-85AA-866001164074}.Debug|Any CPU.ActiveCfg = Debug|Any CPU
		{678EBC3A-44FE-4325-85AA-866001164074}.Debug|Any CPU.Build.0 = Debug|Any CPU
		{678EBC3A-44FE-4325-85AA-866001164074}.Debug|ARM.ActiveCfg = Debug|Any CPU
		{678EBC3A-44FE-4325-85AA-866001164074}.Debug|ARM.Build.0 = Debug|Any CPU
		{678EBC3A-44FE-4325-85AA-866001164074}.Debug|ARM64.ActiveCfg = Debug|Any CPU
		{678EBC3A-44FE-4325-85AA-866001164074}.Debug|ARM64.Build.0 = Debug|Any CPU
		{678EBC3A-44FE-4325-85AA-866001164074}.Debug|x64.ActiveCfg = Debug|Any CPU
		{678EBC3A-44FE-4325-85AA-866001164074}.Debug|x64.Build.0 = Debug|Any CPU
		{678EBC3A-44FE-4325-85AA-866001164074}.Debug|x86.ActiveCfg = Debug|Any CPU
		{678EBC3A-44FE-4325-85AA-866001164074}.Debug|x86.Build.0 = Debug|Any CPU
		{678EBC3A-44FE-4325-85AA-866001164074}.Release|Any CPU.ActiveCfg = Release|Any CPU
		{678EBC3A-44FE-4325-85AA-866001164074}.Release|Any CPU.Build.0 = Release|Any CPU
		{678EBC3A-44FE-4325-85AA-866001164074}.Release|ARM.ActiveCfg = Release|Any CPU
		{678EBC3A-44FE-4325-85AA-866001164074}.Release|ARM.Build.0 = Release|Any CPU
		{678EBC3A-44FE-4325-85AA-866001164074}.Release|ARM64.ActiveCfg = Release|Any CPU
		{678EBC3A-44FE-4325-85AA-866001164074}.Release|ARM64.Build.0 = Release|Any CPU
		{678EBC3A-44FE-4325-85AA-866001164074}.Release|x64.ActiveCfg = Release|Any CPU
		{678EBC3A-44FE-4325-85AA-866001164074}.Release|x64.Build.0 = Release|Any CPU
		{678EBC3A-44FE-4325-85AA-866001164074}.Release|x86.ActiveCfg = Release|Any CPU
		{678EBC3A-44FE-4325-85AA-866001164074}.Release|x86.Build.0 = Release|Any CPU
		{4C9E400C-64A7-4EA1-85B2-7A712108DA20}.Debug|Any CPU.ActiveCfg = Debug|Any CPU
		{4C9E400C-64A7-4EA1-85B2-7A712108DA20}.Debug|Any CPU.Build.0 = Debug|Any CPU
		{4C9E400C-64A7-4EA1-85B2-7A712108DA20}.Debug|ARM.ActiveCfg = Debug|Any CPU
		{4C9E400C-64A7-4EA1-85B2-7A712108DA20}.Debug|ARM.Build.0 = Debug|Any CPU
		{4C9E400C-64A7-4EA1-85B2-7A712108DA20}.Debug|ARM64.ActiveCfg = Debug|Any CPU
		{4C9E400C-64A7-4EA1-85B2-7A712108DA20}.Debug|ARM64.Build.0 = Debug|Any CPU
		{4C9E400C-64A7-4EA1-85B2-7A712108DA20}.Debug|x64.ActiveCfg = Debug|Any CPU
		{4C9E400C-64A7-4EA1-85B2-7A712108DA20}.Debug|x64.Build.0 = Debug|Any CPU
		{4C9E400C-64A7-4EA1-85B2-7A712108DA20}.Debug|x86.ActiveCfg = Debug|Any CPU
		{4C9E400C-64A7-4EA1-85B2-7A712108DA20}.Debug|x86.Build.0 = Debug|Any CPU
		{4C9E400C-64A7-4EA1-85B2-7A712108DA20}.Release|Any CPU.ActiveCfg = Release|Any CPU
		{4C9E400C-64A7-4EA1-85B2-7A712108DA20}.Release|Any CPU.Build.0 = Release|Any CPU
		{4C9E400C-64A7-4EA1-85B2-7A712108DA20}.Release|ARM.ActiveCfg = Release|Any CPU
		{4C9E400C-64A7-4EA1-85B2-7A712108DA20}.Release|ARM.Build.0 = Release|Any CPU
		{4C9E400C-64A7-4EA1-85B2-7A712108DA20}.Release|ARM64.ActiveCfg = Release|Any CPU
		{4C9E400C-64A7-4EA1-85B2-7A712108DA20}.Release|ARM64.Build.0 = Release|Any CPU
		{4C9E400C-64A7-4EA1-85B2-7A712108DA20}.Release|x64.ActiveCfg = Release|Any CPU
		{4C9E400C-64A7-4EA1-85B2-7A712108DA20}.Release|x64.Build.0 = Release|Any CPU
		{4C9E400C-64A7-4EA1-85B2-7A712108DA20}.Release|x86.ActiveCfg = Release|Any CPU
		{4C9E400C-64A7-4EA1-85B2-7A712108DA20}.Release|x86.Build.0 = Release|Any CPU
	EndGlobalSection
	GlobalSection(SolutionProperties) = preSolution
		HideSolutionNode = FALSE
	EndGlobalSection
	GlobalSection(ExtensibilityGlobals) = postSolution
		SolutionGuid = {6AE487AB-6CC7-46B0-A37F-665458D04D8D}
	EndGlobalSection
EndGlobal
